
Microsoft Visual Studio Solution File, Format Version 12.00
# Visual Studio 14
VisualStudioVersion = 14.0.25420.1
MinimumVisualStudioVersion = 10.0.40219.1
Project("{9092AA53-FB77-4645-B42D-1CCCA6BD08BD}") = "PromisesWithES6And_q", "PromisesWithES6And_q\PromisesWithES6And_q.njsproj", "{C7A953E6-4D17-40B2-9289-B6B149CF2BE5}"
EndProject
Global
	GlobalSection(SolutionConfigurationPlatforms) = preSolution
		Debug|Any CPU = Debug|Any CPU
		Release|Any CPU = Release|Any CPU
	EndGlobalSection
	GlobalSection(ProjectConfigurationPlatforms) = postSolution
		{C7A953E6-4D17-40B2-9289-B6B149CF2BE5}.Debug|Any CPU.ActiveCfg = Debug|Any CPU
		{C7A953E6-4D17-40B2-9289-B6B149CF2BE5}.Debug|Any CPU.Build.0 = Debug|Any CPU
		{C7A953E6-4D17-40B2-9289-B6B149CF2BE5}.Release|Any CPU.ActiveCfg = Release|Any CPU
		{C7A953E6-4D17-40B2-9289-B6B149CF2BE5}.Release|Any CPU.Build.0 = Release|Any CPU
	EndGlobalSection
	GlobalSection(SolutionProperties) = preSolution
		HideSolutionNode = FALSE
	EndGlobalSection
EndGlobal
